
Microsoft Visual Studio Solution File, Format Version 12.00
# Visual Studio Version 17
VisualStudioVersion = 17.10.35027.167
MinimumVisualStudioVersion = 10.0.40219.1
Project("{FAE04EC0-301F-11D3-BF4B-00C04F79EFBC}") = "Juego_1_op", "Juego_1_op\Juego_1_op.csproj", "{F6F838B2-7A89-489A-8D97-E7E763FE9CCC}"
EndProject
Project("{FAE04EC0-301F-11D3-BF4B-00C04F79EFBC}") = "Juego_2_op_funciones", "Juego_2_op_funciones\Juego_2_op_funciones.csproj", "{CCC39986-5D0C-4520-A47B-0A532B865453}"
EndProject
Project("{FAE04EC0-301F-11D3-BF4B-00C04F79EFBC}") = "Juego_3_poo", "Juego_3_poo\Juego_3_poo.csproj", "{A5700344-E945-456F-B098-52CB2C9057AD}"
EndProject
Global
	GlobalSection(SolutionConfigurationPlatforms) = preSolution
		Debug|Any CPU = Debug|Any CPU
		Release|Any CPU = Release|Any CPU
	EndGlobalSection
	GlobalSection(ProjectConfigurationPlatforms) = postSolution
		{F6F838B2-7A89-489A-8D97-E7E763FE9CCC}.Debug|Any CPU.ActiveCfg = Debug|Any CPU
		{F6F838B2-7A89-489A-8D97-E7E763FE9CCC}.Debug|Any CPU.Build.0 = Debug|Any CPU
		{F6F838B2-7A89-489A-8D97-E7E763FE9CCC}.Release|Any CPU.ActiveCfg = Release|Any CPU
		{F6F838B2-7A89-489A-8D97-E7E763FE9CCC}.Release|Any CPU.Build.0 = Release|Any CPU
		{CCC39986-5D0C-4520-A47B-0A532B865453}.Debug|Any CPU.ActiveCfg = Debug|Any CPU
		{CCC39986-5D0C-4520-A47B-0A532B865453}.Debug|Any CPU.Build.0 = Debug|Any CPU
		{CCC39986-5D0C-4520-A47B-0A532B865453}.Release|Any CPU.ActiveCfg = Release|Any CPU
		{CCC39986-5D0C-4520-A47B-0A532B865453}.Release|Any CPU.Build.0 = Release|Any CPU
		{A5700344-E945-456F-B098-52CB2C9057AD}.Debug|Any CPU.ActiveCfg = Debug|Any CPU
		{A5700344-E945-456F-B098-52CB2C9057AD}.Debug|Any CPU.Build.0 = Debug|Any CPU
		{A5700344-E945-456F-B098-52CB2C9057AD}.Release|Any CPU.ActiveCfg = Release|Any CPU
		{A5700344-E945-456F-B098-52CB2C9057AD}.Release|Any CPU.Build.0 = Release|Any CPU
	EndGlobalSection
	GlobalSection(SolutionProperties) = preSolution
		HideSolutionNode = FALSE
	EndGlobalSection
	GlobalSection(ExtensibilityGlobals) = postSolution
		SolutionGuid = {7F53F877-8FCC-4A3E-913A-CDDC49F2930C}
	EndGlobalSection
EndGlobal
